// !$*UTF8*$!
{
	archiveVersion = 1;
	classes = {
	};
	objectVersion = 50;
	objects = {

/* Begin PBXBuildFile section */
		7F511F562231AB81008B8D81 /* AppDelegate.swift in Sources */ = {isa = PBXBuildFile; fileRef = 7F511F552231AB81008B8D81 /* AppDelegate.swift */; };
		7F511F582231AB81008B8D81 /* ViewController.swift in Sources */ = {isa = PBXBuildFile; fileRef = 7F511F572231AB81008B8D81 /* ViewController.swift */; };
		7F511F5B2231AB81008B8D81 /* Main.storyboard in Resources */ = {isa = PBXBuildFile; fileRef = 7F511F592231AB81008B8D81 /* Main.storyboard */; };
		7F511F5D2231AB84008B8D81 /* Assets.xcassets in Resources */ = {isa = PBXBuildFile; fileRef = 7F511F5C2231AB84008B8D81 /* Assets.xcassets */; };
		7F511F602231AB84008B8D81 /* LaunchScreen.storyboard in Resources */ = {isa = PBXBuildFile; fileRef = 7F511F5E2231AB84008B8D81 /* LaunchScreen.storyboard */; };
		7F511F6B2231AB86008B8D81 /* HackwichFiveTests.swift in Sources */ = {isa = PBXBuildFile; fileRef = 7F511F6A2231AB86008B8D81 /* HackwichFiveTests.swift */; };
		7F511F762231AB86008B8D81 /* HackwichFiveUITests.swift in Sources */ = {isa = PBXBuildFile; fileRef = 7F511F752231AB86008B8D81 /* HackwichFiveUITests.swift */; };
/* End PBXBuildFile section */

/* Begin PBXContainerItemProxy section */
		7F511F672231AB86008B8D81 /* PBXContainerItemProxy */ = {
			isa = PBXContainerItemProxy;
			containerPortal = 7F511F4A2231AB81008B8D81 /* Project object */;
			proxyType = 1;
			remoteGlobalIDString = 7F511F512231AB81008B8D81;
			remoteInfo = HackwichFive;
		};
		7F511F722231AB86008B8D81 /* PBXContainerItemProxy */ = {
			isa = PBXContainerItemProxy;
			containerPortal = 7F511F4A2231AB81008B8D81 /* Project object */;
			proxyType = 1;
			remoteGlobalIDString = 7F511F512231AB81008B8D81;
			remoteInfo = HackwichFive;
		};
/* End PBXContainerItemProxy section */

/* Begin PBXFileReference section */
		7F511F522231AB81008B8D81 /* HackwichFive.app */ = {isa = PBXFileReference; explicitFileType = wrapper.application; includeInIndex = 0; path = HackwichFive.app; sourceTree = BUILT_PRODUCTS_DIR; };
		7F511F552231AB81008B8D81 /* AppDelegate.swift */ = {isa = PBXFileReference; lastKnownFileType = sourcecode.swift; path = AppDelegate.swift; sourceTree = "<group>"; };
		7F511F572231AB81008B8D81 /* ViewController.swift */ = {isa = PBXFileReference; lastKnownFileType = sourcecode.swift; path = ViewController.swift; sourceTree = "<group>"; };
		7F511F5A2231AB81008B8D81 /* Base */ = {isa = PBXFileReference; lastKnownFileType = file.storyboard; name = Base; path = Base.lproj/Main.storyboard; sourceTree = "<group>"; };
		7F511F5C2231AB84008B8D81 /* Assets.xcassets */ = {isa = PBXFileReference; lastKnownFileType = folder.assetcatalog; path = Assets.xcassets; sourceTree = "<group>"; };
		7F511F5F2231AB84008B8D81 /* Base */ = {isa = PBXFileReference; lastKnownFileType = file.storyboard; name = Base; path = Base.lproj/LaunchScreen.storyboard; sourceTree = "<group>"; };
		7F511F612231AB84008B8D81 /* Info.plist */ = {isa = PBXFileReference; lastKnownFileType = text.plist.xml; path = Info.plist; sourceTree = "<group>"; };
		7F511F662231AB86008B8D81 /* HackwichFiveTests.xctest */ = {isa = PBXFileReference; explicitFileType = wrapper.cfbundle; includeInIndex = 0; path = HackwichFiveTests.xctest; sourceTree = BUILT_PRODUCTS_DIR; };
		7F511F6A2231AB86008B8D81 /* HackwichFiveTests.swift */ = {isa = PBXFileReference; lastKnownFileType = sourcecode.swift; path = HackwichFiveTests.swift; sourceTree = "<group>"; };
		7F511F6C2231AB86008B8D81 /* Info.plist */ = {isa = PBXFileReference; lastKnownFileType = text.plist.xml; path = Info.plist; sourceTree = "<group>"; };
		7F511F712231AB86008B8D81 /* HackwichFiveUITests.xctest */ = {isa = PBXFileReference; explicitFileType = wrapper.cfbundle; includeInIndex = 0; path = HackwichFiveUITests.xctest; sourceTree = BUILT_PRODUCTS_DIR; };
		7F511F752231AB86008B8D81 /* HackwichFiveUITests.swift */ = {isa = PBXFileReference; lastKnownFileType = sourcecode.swift; path = HackwichFiveUITests.swift; sourceTree = "<group>"; };
		7F511F772231AB86008B8D81 /* Info.plist */ = {isa = PBXFileReference; lastKnownFileType = text.plist.xml; path = Info.plist; sourceTree = "<group>"; };
/* End PBXFileReference section */

/* Begin PBXFrameworksBuildPhase section */
		7F511F4F2231AB81008B8D81 /* Frameworks */ = {
			isa = PBXFrameworksBuildPhase;
			buildActionMask = 2147483647;
			files = (
			);
			runOnlyForDeploymentPostprocessing = 0;
		};
		7F511F632231AB86008B8D81 /* Frameworks */ = {
			isa = PBXFrameworksBuildPhase;
			buildActionMask = 2147483647;
			files = (
			);
			runOnlyForDeploymentPostprocessing = 0;
		};
		7F511F6E2231AB86008B8D81 /* Frameworks */ = {
			isa = PBXFrameworksBuildPhase;
			buildActionMask = 2147483647;
			files = (
			);
			runOnlyForDeploymentPostprocessing = 0;
		};
/* End PBXFrameworksBuildPhase section */

/* Begin PBXGroup section */
		7F511F492231AB81008B8D81 = {
			isa = PBXGroup;
			children = (
				7F511F542231AB81008B8D81 /* HackwichFive */,
				7F511F692231AB86008B8D81 /* HackwichFiveTests */,
				7F511F742231AB86008B8D81 /* HackwichFiveUITests */,
				7F511F532231AB81008B8D81 /* Products */,
			);
			sourceTree = "<group>";
		};
		7F511F532231AB81008B8D81 /* Products */ = {
			isa = PBXGroup;
			children = (
				7F511F522231AB81008B8D81 /* HackwichFive.app */,
				7F511F662231AB86008B8D81 /* HackwichFiveTests.xctest */,
				7F511F712231AB86008B8D81 /* HackwichFiveUITests.xctest */,
			);
			name = Products;
			sourceTree = "<group>";
		};
		7F511F542231AB81008B8D81 /* HackwichFive */ = {
			isa = PBXGroup;
			children = (
				7F511F552231AB81008B8D81 /* AppDelegate.swift */,
				7F511F572231AB81008B8D81 /* ViewController.swift */,
				7F511F592231AB81008B8D81 /* Main.storyboard */,
				7F511F5C2231AB84008B8D81 /* Assets.xcassets */,
				7F511F5E2231AB84008B8D81 /* LaunchScreen.storyboard */,
				7F511F612231AB84008B8D81 /* Info.plist */,
			);
			path = HackwichFive;
			sourceTree = "<group>";
		};
		7F511F692231AB86008B8D81 /* HackwichFiveTests */ = {
			isa = PBXGroup;
			children = (
				7F511F6A2231AB86008B8D81 /* HackwichFiveTests.swift */,
				7F511F6C2231AB86008B8D81 /* Info.plist */,
			);
			path = HackwichFiveTests;
			sourceTree = "<group>";
		};
		7F511F742231AB86008B8D81 /* HackwichFiveUITests */ = {
			isa = PBXGroup;
			children = (
				7F511F752231AB86008B8D81 /* HackwichFiveUITests.swift */,
				7F511F772231AB86008B8D81 /* Info.plist */,
			);
			path = HackwichFiveUITests;
			sourceTree = "<group>";
		};
/* End PBXGroup section */

/* Begin PBXNativeTarget section */
		7F511F512231AB81008B8D81 /* HackwichFive */ = {
			isa = PBXNativeTarget;
			buildConfigurationList = 7F511F7A2231AB86008B8D81 /* Build configuration list for PBXNativeTarget "HackwichFive" */;
			buildPhases = (
				7F511F4E2231AB81008B8D81 /* Sources */,
				7F511F4F2231AB81008B8D81 /* Frameworks */,
				7F511F502231AB81008B8D81 /* Resources */,
			);
			buildRules = (
			);
			dependencies = (
			);
			name = HackwichFive;
			productName = HackwichFive;
			productReference = 7F511F522231AB81008B8D81 /* HackwichFive.app */;
			productType = "com.apple.product-type.application";
		};
		7F511F652231AB86008B8D81 /* HackwichFiveTests */ = {
			isa = PBXNativeTarget;
			buildConfigurationList = 7F511F7D2231AB86008B8D81 /* Build configuration list for PBXNativeTarget "HackwichFiveTests" */;
			buildPhases = (
				7F511F622231AB86008B8D81 /* Sources */,
				7F511F632231AB86008B8D81 /* Frameworks */,
				7F511F642231AB86008B8D81 /* Resources */,
			);
			buildRules = (
			);
			dependencies = (
				7F511F682231AB86008B8D81 /* PBXTargetDependency */,
			);
			name = HackwichFiveTests;
			productName = HackwichFiveTests;
			productReference = 7F511F662231AB86008B8D81 /* HackwichFiveTests.xctest */;
			productType = "com.apple.product-type.bundle.unit-test";
		};
		7F511F702231AB86008B8D81 /* HackwichFiveUITests */ = {
			isa = PBXNativeTarget;
			buildConfigurationList = 7F511F802231AB86008B8D81 /* Build configuration list for PBXNativeTarget "HackwichFiveUITests" */;
			buildPhases = (
				7F511F6D2231AB86008B8D81 /* Sources */,
				7F511F6E2231AB86008B8D81 /* Frameworks */,
				7F511F6F2231AB86008B8D81 /* Resources */,
			);
			buildRules = (
			);
			dependencies = (
				7F511F732231AB86008B8D81 /* PBXTargetDependency */,
			);
			name = HackwichFiveUITests;
			productName = HackwichFiveUITests;
			productReference = 7F511F712231AB86008B8D81 /* HackwichFiveUITests.xctest */;
			productType = "com.apple.product-type.bundle.ui-testing";
		};
/* End PBXNativeTarget section */

/* Begin PBXProject section */
		7F511F4A2231AB81008B8D81 /* Project object */ = {
			isa = PBXProject;
			attributes = {
				LastSwiftUpdateCheck = 1010;
				LastUpgradeCheck = 1010;
				ORGANIZATIONNAME = "Shaelyn Mitchell";
				TargetAttributes = {
					7F511F512231AB81008B8D81 = {
						CreatedOnToolsVersion = 10.1;
					};
					7F511F652231AB86008B8D81 = {
						CreatedOnToolsVersion = 10.1;
						TestTargetID = 7F511F512231AB81008B8D81;
					};
					7F511F702231AB86008B8D81 = {
						CreatedOnToolsVersion = 10.1;
						TestTargetID = 7F511F512231AB81008B8D81;
					};
				};
			};
			buildConfigurationList = 7F511F4D2231AB81008B8D81 /* Build configuration list for PBXProject "HackwichFive" */;
			compatibilityVersion = "Xcode 9.3";
			developmentRegion = en;
			hasScannedForEncodings = 0;
			knownRegions = (
				en,
				Base,
			);
			mainGroup = 7F511F492231AB81008B8D81;
			productRefGroup = 7F511F532231AB81008B8D81 /* Products */;
			projectDirPath = "";
			projectRoot = "";
			targets = (
				7F511F512231AB81008B8D81 /* HackwichFive */,
				7F511F652231AB86008B8D81 /* HackwichFiveTests */,
				7F511F702231AB86008B8D81 /* HackwichFiveUITests */,
			);
		};
/* End PBXProject section */

/* Begin PBXResourcesBuildPhase section */
		7F511F502231AB81008B8D81 /* Resources */ = {
			isa = PBXResourcesBuildPhase;
			buildActionMask = 2147483647;
			files = (
				7F511F602231AB84008B8D81 /* LaunchScreen.storyboard in Resources */,
				7F511F5D2231AB84008B8D81 /* Assets.xcassets in Resources */,
				7F511F5B2231AB81008B8D81 /* Main.storyboard in Resources */,
			);
			runOnlyForDeploymentPostprocessing = 0;
		};
		7F511F642231AB86008B8D81 /* Resources */ = {
			isa = PBXResourcesBuildPhase;
			buildActionMask = 2147483647;
			files = (
			);
			runOnlyForDeploymentPostprocessing = 0;
		};
		7F511F6F2231AB86008B8D81 /* Resources */ = {
			isa = PBXResourcesBuildPhase;
			buildActionMask = 2147483647;
			files = (
			);
			runOnlyForDeploymentPostprocessing = 0;
		};
/* End PBXResourcesBuildPhase section */

/* Begin PBXSourcesBuildPhase section */
		7F511F4E2231AB81008B8D81 /* Sources */ = {
			isa = PBXSourcesBuildPhase;
			buildActionMask = 2147483647;
			files = (
				7F511F582231AB81008B8D81 /* ViewController.swift in Sources */,
				7F511F562231AB81008B8D81 /* AppDelegate.swift in Sources */,
			);
			runOnlyForDeploymentPostprocessing = 0;
		};
		7F511F622231AB86008B8D81 /* Sources */ = {
			isa = PBXSourcesBuildPhase;
			buildActionMask = 2147483647;
			files = (
				7F511F6B2231AB86008B8D81 /* HackwichFiveTests.swift in Sources */,
			);
			runOnlyForDeploymentPostprocessing = 0;
		};
		7F511F6D2231AB86008B8D81 /* Sources */ = {
			isa = PBXSourcesBuildPhase;
			buildActionMask = 2147483647;
			files = (
				7F511F762231AB86008B8D81 /* HackwichFiveUITests.swift in Sources */,
			);
			runOnlyForDeploymentPostprocessing = 0;
		};
/* End PBXSourcesBuildPhase section */

/* Begin PBXTargetDependency section */
		7F511F682231AB86008B8D81 /* PBXTargetDependency */ = {
			isa = PBXTargetDependency;
			target = 7F511F512231AB81008B8D81 /* HackwichFive */;
			targetProxy = 7F511F672231AB86008B8D81 /* PBXContainerItemProxy */;
		};
		7F511F732231AB86008B8D81 /* PBXTargetDependency */ = {
			isa = PBXTargetDependency;
			target = 7F511F512231AB81008B8D81 /* HackwichFive */;
			targetProxy = 7F511F722231AB86008B8D81 /* PBXContainerItemProxy */;
		};
/* End PBXTargetDependency section */

/* Begin PBXVariantGroup section */
		7F511F592231AB81008B8D81 /* Main.storyboard */ = {
			isa = PBXVariantGroup;
			children = (
				7F511F5A2231AB81008B8D81 /* Base */,
			);
			name = Main.storyboard;
			sourceTree = "<group>";
		};
		7F511F5E2231AB84008B8D81 /* LaunchScreen.storyboard */ = {
			isa = PBXVariantGroup;
			children = (
				7F511F5F2231AB84008B8D81 /* Base */,
			);
			name = LaunchScreen.storyboard;
			sourceTree = "<group>";
		};
/* End PBXVariantGroup section */

/* Begin XCBuildConfiguration section */
		7F511F782231AB86008B8D81 /* Debug */ = {
			isa = XCBuildConfiguration;
			buildSettings = {
				ALWAYS_SEARCH_USER_PATHS = NO;
				CLANG_ANALYZER_NONNULL = YES;
				CLANG_ANALYZER_NUMBER_OBJECT_CONVERSION = YES_AGGRESSIVE;
				CLANG_CXX_LANGUAGE_STANDARD = "gnu++14";
				CLANG_CXX_LIBRARY = "libc++";
				CLANG_ENABLE_MODULES = YES;
				CLANG_ENABLE_OBJC_ARC = YES;
				CLANG_ENABLE_OBJC_WEAK = YES;
				CLANG_WARN_BLOCK_CAPTURE_AUTORELEASING = YES;
				CLANG_WARN_BOOL_CONVERSION = YES;
				CLANG_WARN_COMMA = YES;
				CLANG_WARN_CONSTANT_CONVERSION = YES;
				CLANG_WARN_DEPRECATED_OBJC_IMPLEMENTATIONS = YES;
				CLANG_WARN_DIRECT_OBJC_ISA_USAGE = YES_ERROR;
				CLANG_WARN_DOCUMENTATION_COMMENTS = YES;
				CLANG_WARN_EMPTY_BODY = YES;
				CLANG_WARN_ENUM_CONVERSION = YES;
				CLANG_WARN_INFINITE_RECURSION = YES;
				CLANG_WARN_INT_CONVERSION = YES;
				CLANG_WARN_NON_LITERAL_NULL_CONVERSION = YES;
				CLANG_WARN_OBJC_IMPLICIT_RETAIN_SELF = YES;
				CLANG_WARN_OBJC_LITERAL_CONVERSION = YES;
				CLANG_WARN_OBJC_ROOT_CLASS = YES_ERROR;
				CLANG_WARN_RANGE_LOOP_ANALYSIS = YES;
				CLANG_WARN_STRICT_PROTOTYPES = YES;
				CLANG_WARN_SUSPICIOUS_MOVE = YES;
				CLANG_WARN_UNGUARDED_AVAILABILITY = YES_AGGRESSIVE;
				CLANG_WARN_UNREACHABLE_CODE = YES;
				CLANG_WARN__DUPLICATE_METHOD_MATCH = YES;
				CODE_SIGN_IDENTITY = "iPhone Developer";
				COPY_PHASE_STRIP = NO;
				DEBUG_INFORMATION_FORMAT = dwarf;
				ENABLE_STRICT_OBJC_MSGSEND = YES;
				ENABLE_TESTABILITY = YES;
				GCC_C_LANGUAGE_STANDARD = gnu11;
				GCC_DYNAMIC_NO_PIC = NO;
				GCC_NO_COMMON_BLOCKS = YES;
				GCC_OPTIMIZATION_LEVEL = 0;
				GCC_PREPROCESSOR_DEFINITIONS = (
					"DEBUG=1",
					"$(inherited)",
				);
				GCC_WARN_64_TO_32_BIT_CONVERSION = YES;
				GCC_WARN_ABOUT_RETURN_TYPE = YES_ERROR;
				GCC_WARN_UNDECLARED_SELECTOR = YES;
				GCC_WARN_UNINITIALIZED_AUTOS = YES_AGGRESSIVE;
				GCC_WARN_UNUSED_FUNCTION = YES;
				GCC_WARN_UNUSED_VARIABLE = YES;
				IPHONEOS_DEPLOYMENT_TARGET = 12.1;
				MTL_ENABLE_DEBUG_INFO = INCLUDE_SOURCE;
				MTL_FAST_MATH = YES;
				ONLY_ACTIVE_ARCH = YES;
				SDKROOT = iphoneos;
				SWIFT_ACTIVE_COMPILATION_CONDITIONS = DEBUG;
				SWIFT_OPTIMIZATION_LEVEL = "-Onone";
			};
			name = Debug;
		};
		7F511F792231AB86008B8D81 /* Release */ = {
			isa = XCBuildConfiguration;
			buildSettings = {
				ALWAYS_SEARCH_USER_PATHS = NO;
				CLANG_ANALYZER_NONNULL = YES;
				CLANG_ANALYZER_NUMBER_OBJECT_CONVERSION = YES_AGGRESSIVE;
				CLANG_CXX_LANGUAGE_STANDARD = "gnu++14";
				CLANG_CXX_LIBRARY = "libc++";
				CLANG_ENABLE_MODULES = YES;
				CLANG_ENABLE_OBJC_ARC = YES;
				CLANG_ENABLE_OBJC_WEAK = YES;
				CLANG_WARN_BLOCK_CAPTURE_AUTORELEASING = YES;
				CLANG_WARN_BOOL_CONVERSION = YES;
				CLANG_WARN_COMMA = YES;
				CLANG_WARN_CONSTANT_CONVERSION = YES;
				CLANG_WARN_DEPRECATED_OBJC_IMPLEMENTATIONS = YES;
				CLANG_WARN_DIRECT_OBJC_ISA_USAGE = YES_ERROR;
				CLANG_WARN_DOCUMENTATION_COMMENTS = YES;
				CLANG_WARN_EMPTY_BODY = YES;
				CLANG_WARN_ENUM_CONVERSION = YES;
				CLANG_WARN_INFINITE_RECURSION = YES;
				CLANG_WARN_INT_CONVERSION = YES;
				CLANG_WARN_NON_LITERAL_NULL_CONVERSION = YES;
				CLANG_WARN_OBJC_IMPLICIT_RETAIN_SELF = YES;
				CLANG_WARN_OBJC_LITERAL_CONVERSION = YES;
				CLANG_WARN_OBJC_ROOT_CLASS = YES_ERROR;
				CLANG_WARN_RANGE_LOOP_ANALYSIS = YES;
				CLANG_WARN_STRICT_PROTOTYPES = YES;
				CLANG_WARN_SUSPICIOUS_MOVE = YES;
				CLANG_WARN_UNGUARDED_AVAILABILITY = YES_AGGRESSIVE;
				CLANG_WARN_UNREACHABLE_CODE = YES;
				CLANG_WARN__DUPLICATE_METHOD_MATCH = YES;
				CODE_SIGN_IDENTITY = "iPhone Developer";
				COPY_PHASE_STRIP = NO;
				DEBUG_INFORMATION_FORMAT = "dwarf-with-dsym";
				ENABLE_NS_ASSERTIONS = NO;
				ENABLE_STRICT_OBJC_MSGSEND = YES;
				GCC_C_LANGUAGE_STANDARD = gnu11;
				GCC_NO_COMMON_BLOCKS = YES;
				GCC_WARN_64_TO_32_BIT_CONVERSION = YES;
				GCC_WARN_ABOUT_RETURN_TYPE = YES_ERROR;
				GCC_WARN_UNDECLARED_SELECTOR = YES;
				GCC_WARN_UNINITIALIZED_AUTOS = YES_AGGRESSIVE;
				GCC_WARN_UNUSED_FUNCTION = YES;
				GCC_WARN_UNUSED_VARIABLE = YES;
				IPHONEOS_DEPLOYMENT_TARGET = 12.1;
				MTL_ENABLE_DEBUG_INFO = NO;
				MTL_FAST_MATH = YES;
				SDKROOT = iphoneos;
				SWIFT_COMPILATION_MODE = wholemodule;
				SWIFT_OPTIMIZATION_LEVEL = "-O";
				VALIDATE_PRODUCT = YES;
			};
			name = Release;
		};
		7F511F7B2231AB86008B8D81 /* Debug */ = {
			isa = XCBuildConfiguration;
			buildSettings = {
				ASSETCATALOG_COMPILER_APPICON_NAME = AppIcon;
				CODE_SIGN_STYLE = Automatic;
				DEVELOPMENT_TEAM = W8M95NPX9F;
				INFOPLIST_FILE = HackwichFive/Info.plist;
				LD_RUNPATH_SEARCH_PATHS = (
					"$(inherited)",
					"@executable_path/Frameworks",
				);
				PRODUCT_BUNDLE_IDENTIFIER = uhwo.HackwichFive;
				PRODUCT_NAME = "$(TARGET_NAME)";
				SWIFT_VERSION = 4.2;
				TARGETED_DEVICE_FAMILY = "1,2";
			};
			name = Debug;
		};
		7F511F7C2231AB86008B8D81 /* Release */ = {
			isa = XCBuildConfiguration;
			buildSettings = {
				ASSETCATALOG_COMPILER_APPICON_NAME = AppIcon;
				CODE_SIGN_STYLE = Automatic;
				DEVELOPMENT_TEAM = W8M95NPX9F;
				INFOPLIST_FILE = HackwichFive/Info.plist;
				LD_RUNPATH_SEARCH_PATHS = (
					"$(inherited)",
					"@executable_path/Frameworks",
				);
				PRODUCT_BUNDLE_IDENTIFIER = uhwo.HackwichFive;
				PRODUCT_NAME = "$(TARGET_NAME)";
				SWIFT_VERSION = 4.2;
				TARGETED_DEVICE_FAMILY = "1,2";
			};
			name = Release;
		};
		7F511F7E2231AB86008B8D81 /* Debug */ = {
			isa = XCBuildConfiguration;
			buildSettings = {
				ALWAYS_EMBED_SWIFT_STANDARD_LIBRARIES = YES;
				BUNDLE_LOADER = "$(TEST_HOST)";
				CODE_SIGN_STYLE = Automatic;
				DEVELOPMENT_TEAM = W8M95NPX9F;
				INFOPLIST_FILE = HackwichFiveTests/Info.plist;
				LD_RUNPATH_SEARCH_PATHS = (
					"$(inherited)",
					"@executable_path/Frameworks",
					"@loader_path/Frameworks",
				);
				PRODUCT_BUNDLE_IDENTIFIER = uhwo.HackwichFiveTests;
				PRODUCT_NAME = "$(TARGET_NAME)";
				SWIFT_VERSION = 4.2;
				TARGETED_DEVICE_FAMILY = "1,2";
				TEST_HOST = "$(BUILT_PRODUCTS_DIR)/HackwichFive.app/HackwichFive";
			};
			name = Debug;
		};
		7F511F7F2231AB86008B8D81 /* Release */ = {
			isa = XCBuildConfiguration;
			buildSettings = {
				ALWAYS_EMBED_SWIFT_STANDARD_LIBRARIES = YES;
				BUNDLE_LOADER = "$(TEST_HOST)";
				CODE_SIGN_STYLE = Automatic;
				DEVELOPMENT_TEAM = W8M95NPX9F;
				INFOPLIST_FILE = HackwichFiveTests/Info.plist;
				LD_RUNPATH_SEARCH_PATHS = (
					"$(inherited)",
					"@executable_path/Frameworks",
					"@loader_path/Frameworks",
				);
				PRODUCT_BUNDLE_IDENTIFIER = uhwo.HackwichFiveTests;
				PRODUCT_NAME = "$(TARGET_NAME)";
				SWIFT_VERSION = 4.2;
				TARGETED_DEVICE_FAMILY = "1,2";
				TEST_HOST = "$(BUILT_PRODUCTS_DIR)/HackwichFive.app/HackwichFive";
			};
			name = Release;
		};
		7F511F812231AB86008B8D81 /* Debug */ = {
			isa = XCBuildConfiguration;
			buildSettings = {
				ALWAYS_EMBED_SWIFT_STANDARD_LIBRARIES = YES;
				CODE_SIGN_STYLE = Automatic;
				DEVELOPMENT_TEAM = W8M95NPX9F;
				INFOPLIST_FILE = HackwichFiveUITests/Info.plist;
				LD_RUNPATH_SEARCH_PATHS = (
					"$(inherited)",
					"@executable_path/Frameworks",
					"@loader_path/Frameworks",
				);
				PRODUCT_BUNDLE_IDENTIFIER = uhwo.HackwichFiveUITests;
				PRODUCT_NAME = "$(TARGET_NAME)";
				SWIFT_VERSION = 4.2;
				TARGETED_DEVICE_FAMILY = "1,2";
				TEST_TARGET_NAME = HackwichFive;
			};
			name = Debug;
		};
		7F511F822231AB86008B8D81 /* Release */ = {
			isa = XCBuildConfiguration;
			buildSettings = {
				ALWAYS_EMBED_SWIFT_STANDARD_LIBRARIES = YES;
				CODE_SIGN_STYLE = Automatic;
				DEVELOPMENT_TEAM = W8M95NPX9F;
				INFOPLIST_FILE = HackwichFiveUITests/Info.plist;
				LD_RUNPATH_SEARCH_PATHS = (
					"$(inherited)",
					"@executable_path/Frameworks",
					"@loader_path/Frameworks",
				);
				PRODUCT_BUNDLE_IDENTIFIER = uhwo.HackwichFiveUITests;
				PRODUCT_NAME = "$(TARGET_NAME)";
				SWIFT_VERSION = 4.2;
				TARGETED_DEVICE_FAMILY = "1,2";
				TEST_TARGET_NAME = HackwichFive;
			};
			name = Release;
		};
/* End XCBuildConfiguration section */

/* Begin XCConfigurationList section */
		7F511F4D2231AB81008B8D81 /* Build configuration list for PBXProject "HackwichFive" */ = {
			isa = XCConfigurationList;
			buildConfigurations = (
				7F511F782231AB86008B8D81 /* Debug */,
				7F511F792231AB86008B8D81 /* Release */,
			);
			defaultConfigurationIsVisible = 0;
			defaultConfigurationName = Release;
		};
		7F511F7A2231AB86008B8D81 /* Build configuration list for PBXNativeTarget "HackwichFive" */ = {
			isa = XCConfigurationList;
			buildConfigurations = (
				7F511F7B2231AB86008B8D81 /* Debug */,
				7F511F7C2231AB86008B8D81 /* Release */,
			);
			defaultConfigurationIsVisible = 0;
			defaultConfigurationName = Release;
		};
		7F511F7D2231AB86008B8D81 /* Build configuration list for PBXNativeTarget "HackwichFiveTests" */ = {
			isa = XCConfigurationList;
			buildConfigurations = (
				7F511F7E2231AB86008B8D81 /* Debug */,
				7F511F7F2231AB86008B8D81 /* Release */,
			);
			defaultConfigurationIsVisible = 0;
			defaultConfigurationName = Release;
		};
		7F511F802231AB86008B8D81 /* Build configuration list for PBXNativeTarget "HackwichFiveUITests" */ = {
			isa = XCConfigurationList;
			buildConfigurations = (
				7F511F812231AB86008B8D81 /* Debug */,
				7F511F822231AB86008B8D81 /* Release */,
			);
			defaultConfigurationIsVisible = 0;
			defaultConfigurationName = Release;
		};
/* End XCConfigurationList section */
	};
	rootObject = 7F511F4A2231AB81008B8D81 /* Project object */;
}
